
Microsoft Visual Studio Solution File, Format Version 12.00
# Visual Studio Version 17
VisualStudioVersion = 17.3.32804.467
MinimumVisualStudioVersion = 10.0.40219.1
Project("{9A19103F-16F7-4668-BE54-9A1E7A4F7556}") = "Server", "Server\Server.csproj", "{0D57E845-5E69-4588-9219-BE1460B9E34B}"
EndProject
Project("{2150E333-8FDC-42A3-9474-1A3956D46DE8}") = "Common", "Common", "{1BADDE84-0CFE-476D-BEBA-8721D0CA575F}"
EndProject
Project("{2150E333-8FDC-42A3-9474-1A3956D46DE8}") = "Servers", "Servers", "{B997A17C-2C17-48B7-8A7E-2804E4DCC345}"
EndProject
Project("{9A19103F-16F7-4668-BE54-9A1E7A4F7556}") = "CommonModels", "CommonModels\CommonModels.csproj", "{FDEC8B49-B979-426B-B7F6-6DE296CD3F58}"
EndProject
Project("{2150E333-8FDC-42A3-9474-1A3956D46DE8}") = "Server Libraries", "Server Libraries", "{D9A9635A-C361-4CB6-A36B-DC61339AF41D}"
EndProject
Project("{9A19103F-16F7-4668-BE54-9A1E7A4F7556}") = "ServerExtensions", "ServerExtensions\ServerExtensions.csproj", "{51CB6301-2E21-4C57-AD56-1F6A65A24F96}"
EndProject
Project("{2150E333-8FDC-42A3-9474-1A3956D46DE8}") = "Client Libraries", "Client Libraries", "{E862C5BF-1D72-4F1C-94F7-CF37A6C24BE0}"
EndProject
Project("{2150E333-8FDC-42A3-9474-1A3956D46DE8}") = "Clients", "Clients", "{79A4F928-CF9E-4ED9-BA62-A03EA144FED1}"
EndProject
Project("{2150E333-8FDC-42A3-9474-1A3956D46DE8}") = "Initialization", "Initialization", "{BD6D608D-01DB-42BF-97C5-CA324DBF0C95}"
EndProject
Project("{9A19103F-16F7-4668-BE54-9A1E7A4F7556}") = "ClientInitialization", "ClientInitialization\ClientInitialization.csproj", "{3766C79A-32DA-4122-AFDA-C808BB11FB50}"
EndProject
Project("{9A19103F-16F7-4668-BE54-9A1E7A4F7556}") = "PlatformWorkBotConsoleClient", "BotConsoleClient\PlatformWorkBotConsoleClient.csproj", "{A53F930E-2FA4-4549-98A3-223098FBB0C0}"
EndProject
Project("{2150E333-8FDC-42A3-9474-1A3956D46DE8}") = "OperationMessage", "OperationMessage", "{498E0E55-87ED-42B3-94A0-F3CB8F0B50A2}"
EndProject
Project("{9A19103F-16F7-4668-BE54-9A1E7A4F7556}") = "ClientOperationMessages", "ClientOperationMessages\ClientOperationMessages.csproj", "{716C3CFF-244B-4002-9E21-7495060EF389}"
EndProject
Project("{2150E333-8FDC-42A3-9474-1A3956D46DE8}") = "ProjectTask", "ProjectTask", "{EEA7F15D-E05C-4AC7-9C8D-518F10328EA8}"
EndProject
Project("{2150E333-8FDC-42A3-9474-1A3956D46DE8}") = "Platform", "Platform", "{4BC20606-53AD-4C6F-9475-7A5A270D951B}"
EndProject
Project("{9A19103F-16F7-4668-BE54-9A1E7A4F7556}") = "SocpublicCom", "SocpublicCom\SocpublicCom.csproj", "{017F5275-1F08-4386-A82B-204877664D38}"
EndProject
Project("{2150E333-8FDC-42A3-9474-1A3956D46DE8}") = "Management Apps", "Management Apps", "{3F3811E5-7ED3-4F36-929B-8D229261F02D}"
EndProject
Project("{9A19103F-16F7-4668-BE54-9A1E7A4F7556}") = "ConsoleManagementAppTEST", "ConsoleManagementAppTEST\ConsoleManagementAppTEST.csproj", "{4AFB2C27-D978-439F-8C56-20A3D1156698}"
EndProject
Project("{2150E333-8FDC-42A3-9474-1A3956D46DE8}") = "ProxyCombiner", "ProxyCombiner", "{4489248F-496D-4396-A740-10BF9D2F4DF6}"
EndProject
Project("{9A19103F-16F7-4668-BE54-9A1E7A4F7556}") = "ProxyCombiner", "ProxyCombiner\ProxyCombiner.csproj", "{E19DD8C4-160A-49EB-952C-3932DEE3A58A}"
EndProject
Project("{9A19103F-16F7-4668-BE54-9A1E7A4F7556}") = "ProxyCombineBotConsoleClient", "ProxyCombineBotConsoleClient\ProxyCombineBotConsoleClient.csproj", "{D513B389-CB14-4B34-9992-D6D53E1BCBE7}"
EndProject
Project("{9A19103F-16F7-4668-BE54-9A1E7A4F7556}") = "DesktopWPFManagementApp", "DesktopWPFManagementApp\DesktopWPFManagementApp.csproj", "{91E33A5D-33BF-45F7-BEC9-87AAE557068D}"
EndProject
Project("{2150E333-8FDC-42A3-9474-1A3956D46DE8}") = "Client", "Client", "{3F235ADD-9C66-42FB-8AC4-BA1C1D2406AB}"
EndProject
Project("{2150E333-8FDC-42A3-9474-1A3956D46DE8}") = "Server", "Server", "{BFD30CCD-B8AD-4165-BCF7-0DEF75D63DE4}"
EndProject
Project("{2150E333-8FDC-42A3-9474-1A3956D46DE8}") = "Bot Client", "Bot Client", "{DD501181-4CDB-46C2-9A4E-8AFB8432591B}"
EndProject
Project("{2150E333-8FDC-42A3-9474-1A3956D46DE8}") = "Management App Client", "Management App Client", "{6DE894BD-B3DF-44EE-B2EC-3B7E08EC2E54}"
EndProject
Project("{9A19103F-16F7-4668-BE54-9A1E7A4F7556}") = "Hashing", "Hashing\Hashing.csproj", "{6A2EC91E-C891-4482-903D-533871D92E4E}"
EndProject
Project("{9A19103F-16F7-4668-BE54-9A1E7A4F7556}") = "BotManagerBotConsoleClient", "BotManagerBotConsoleClient\BotManagerBotConsoleClient.csproj", "{C4C26B1E-16C0-406D-9677-D7BDB7ED6A74}"
EndProject
Project("{2150E333-8FDC-42A3-9474-1A3956D46DE8}") = "Test projects", "Test projects", "{A5DAF558-FD57-4BD7-BF33-F334D8CE7897}"
EndProject
Project("{9A19103F-16F7-4668-BE54-9A1E7A4F7556}") = "ConsoleApp1", "ConsoleApp1\ConsoleApp1.csproj", "{81F34442-78BA-4F39-A09E-1D217DE251C5}"
EndProject
Global
	GlobalSection(SolutionConfigurationPlatforms) = preSolution
		Debug|Any CPU = Debug|Any CPU
		Release|Any CPU = Release|Any CPU
	EndGlobalSection
	GlobalSection(ProjectConfigurationPlatforms) = postSolution
		{0D57E845-5E69-4588-9219-BE1460B9E34B}.Debug|Any CPU.ActiveCfg = Debug|Any CPU
		{0D57E845-5E69-4588-9219-BE1460B9E34B}.Debug|Any CPU.Build.0 = Debug|Any CPU
		{0D57E845-5E69-4588-9219-BE1460B9E34B}.Release|Any CPU.ActiveCfg = Release|Any CPU
		{0D57E845-5E69-4588-9219-BE1460B9E34B}.Release|Any CPU.Build.0 = Release|Any CPU
		{FDEC8B49-B979-426B-B7F6-6DE296CD3F58}.Debug|Any CPU.ActiveCfg = Debug|Any CPU
		{FDEC8B49-B979-426B-B7F6-6DE296CD3F58}.Debug|Any CPU.Build.0 = Debug|Any CPU
		{FDEC8B49-B979-426B-B7F6-6DE296CD3F58}.Release|Any CPU.ActiveCfg = Release|Any CPU
		{FDEC8B49-B979-426B-B7F6-6DE296CD3F58}.Release|Any CPU.Build.0 = Release|Any CPU
		{51CB6301-2E21-4C57-AD56-1F6A65A24F96}.Debug|Any CPU.ActiveCfg = Debug|Any CPU
		{51CB6301-2E21-4C57-AD56-1F6A65A24F96}.Debug|Any CPU.Build.0 = Debug|Any CPU
		{51CB6301-2E21-4C57-AD56-1F6A65A24F96}.Release|Any CPU.ActiveCfg = Release|Any CPU
		{51CB6301-2E21-4C57-AD56-1F6A65A24F96}.Release|Any CPU.Build.0 = Release|Any CPU
		{3766C79A-32DA-4122-AFDA-C808BB11FB50}.Debug|Any CPU.ActiveCfg = Debug|Any CPU
		{3766C79A-32DA-4122-AFDA-C808BB11FB50}.Debug|Any CPU.Build.0 = Debug|Any CPU
		{3766C79A-32DA-4122-AFDA-C808BB11FB50}.Release|Any CPU.ActiveCfg = Release|Any CPU
		{3766C79A-32DA-4122-AFDA-C808BB11FB50}.Release|Any CPU.Build.0 = Release|Any CPU
		{A53F930E-2FA4-4549-98A3-223098FBB0C0}.Debug|Any CPU.ActiveCfg = Debug|Any CPU
		{A53F930E-2FA4-4549-98A3-223098FBB0C0}.Debug|Any CPU.Build.0 = Debug|Any CPU
		{A53F930E-2FA4-4549-98A3-223098FBB0C0}.Release|Any CPU.ActiveCfg = Release|Any CPU
		{A53F930E-2FA4-4549-98A3-223098FBB0C0}.Release|Any CPU.Build.0 = Release|Any CPU
		{716C3CFF-244B-4002-9E21-7495060EF389}.Debug|Any CPU.ActiveCfg = Debug|Any CPU
		{716C3CFF-244B-4002-9E21-7495060EF389}.Debug|Any CPU.Build.0 = Debug|Any CPU
		{716C3CFF-244B-4002-9E21-7495060EF389}.Release|Any CPU.ActiveCfg = Release|Any CPU
		{716C3CFF-244B-4002-9E21-7495060EF389}.Release|Any CPU.Build.0 = Release|Any CPU
		{017F5275-1F08-4386-A82B-204877664D38}.Debug|Any CPU.ActiveCfg = Debug|Any CPU
		{017F5275-1F08-4386-A82B-204877664D38}.Debug|Any CPU.Build.0 = Debug|Any CPU
		{017F5275-1F08-4386-A82B-204877664D38}.Release|Any CPU.ActiveCfg = Release|Any CPU
		{017F5275-1F08-4386-A82B-204877664D38}.Release|Any CPU.Build.0 = Release|Any CPU
		{4AFB2C27-D978-439F-8C56-20A3D1156698}.Debug|Any CPU.ActiveCfg = Debug|Any CPU
		{4AFB2C27-D978-439F-8C56-20A3D1156698}.Debug|Any CPU.Build.0 = Debug|Any CPU
		{4AFB2C27-D978-439F-8C56-20A3D1156698}.Release|Any CPU.ActiveCfg = Release|Any CPU
		{4AFB2C27-D978-439F-8C56-20A3D1156698}.Release|Any CPU.Build.0 = Release|Any CPU
		{E19DD8C4-160A-49EB-952C-3932DEE3A58A}.Debug|Any CPU.ActiveCfg = Debug|Any CPU
		{E19DD8C4-160A-49EB-952C-3932DEE3A58A}.Debug|Any CPU.Build.0 = Debug|Any CPU
		{E19DD8C4-160A-49EB-952C-3932DEE3A58A}.Release|Any CPU.ActiveCfg = Release|Any CPU
		{E19DD8C4-160A-49EB-952C-3932DEE3A58A}.Release|Any CPU.Build.0 = Release|Any CPU
		{D513B389-CB14-4B34-9992-D6D53E1BCBE7}.Debug|Any CPU.ActiveCfg = Debug|Any CPU
		{D513B389-CB14-4B34-9992-D6D53E1BCBE7}.Debug|Any CPU.Build.0 = Debug|Any CPU
		{D513B389-CB14-4B34-9992-D6D53E1BCBE7}.Release|Any CPU.ActiveCfg = Release|Any CPU
		{D513B389-CB14-4B34-9992-D6D53E1BCBE7}.Release|Any CPU.Build.0 = Release|Any CPU
		{91E33A5D-33BF-45F7-BEC9-87AAE557068D}.Debug|Any CPU.ActiveCfg = Debug|Any CPU
		{91E33A5D-33BF-45F7-BEC9-87AAE557068D}.Debug|Any CPU.Build.0 = Debug|Any CPU
		{91E33A5D-33BF-45F7-BEC9-87AAE557068D}.Release|Any CPU.ActiveCfg = Release|Any CPU
		{91E33A5D-33BF-45F7-BEC9-87AAE557068D}.Release|Any CPU.Build.0 = Release|Any CPU
		{6A2EC91E-C891-4482-903D-533871D92E4E}.Debug|Any CPU.ActiveCfg = Debug|Any CPU
		{6A2EC91E-C891-4482-903D-533871D92E4E}.Debug|Any CPU.Build.0 = Debug|Any CPU
		{6A2EC91E-C891-4482-903D-533871D92E4E}.Release|Any CPU.ActiveCfg = Release|Any CPU
		{6A2EC91E-C891-4482-903D-533871D92E4E}.Release|Any CPU.Build.0 = Release|Any CPU
		{C4C26B1E-16C0-406D-9677-D7BDB7ED6A74}.Debug|Any CPU.ActiveCfg = Debug|Any CPU
		{C4C26B1E-16C0-406D-9677-D7BDB7ED6A74}.Debug|Any CPU.Build.0 = Debug|Any CPU
		{C4C26B1E-16C0-406D-9677-D7BDB7ED6A74}.Release|Any CPU.ActiveCfg = Release|Any CPU
		{C4C26B1E-16C0-406D-9677-D7BDB7ED6A74}.Release|Any CPU.Build.0 = Release|Any CPU
		{81F34442-78BA-4F39-A09E-1D217DE251C5}.Debug|Any CPU.ActiveCfg = Debug|Any CPU
		{81F34442-78BA-4F39-A09E-1D217DE251C5}.Debug|Any CPU.Build.0 = Debug|Any CPU
		{81F34442-78BA-4F39-A09E-1D217DE251C5}.Release|Any CPU.ActiveCfg = Release|Any CPU
		{81F34442-78BA-4F39-A09E-1D217DE251C5}.Release|Any CPU.Build.0 = Release|Any CPU
	EndGlobalSection
	GlobalSection(SolutionProperties) = preSolution
		HideSolutionNode = FALSE
	EndGlobalSection
	GlobalSection(NestedProjects) = preSolution
		{0D57E845-5E69-4588-9219-BE1460B9E34B} = {B997A17C-2C17-48B7-8A7E-2804E4DCC345}
		{B997A17C-2C17-48B7-8A7E-2804E4DCC345} = {BFD30CCD-B8AD-4165-BCF7-0DEF75D63DE4}
		{FDEC8B49-B979-426B-B7F6-6DE296CD3F58} = {1BADDE84-0CFE-476D-BEBA-8721D0CA575F}
		{D9A9635A-C361-4CB6-A36B-DC61339AF41D} = {BFD30CCD-B8AD-4165-BCF7-0DEF75D63DE4}
		{51CB6301-2E21-4C57-AD56-1F6A65A24F96} = {D9A9635A-C361-4CB6-A36B-DC61339AF41D}
		{E862C5BF-1D72-4F1C-94F7-CF37A6C24BE0} = {DD501181-4CDB-46C2-9A4E-8AFB8432591B}
		{79A4F928-CF9E-4ED9-BA62-A03EA144FED1} = {DD501181-4CDB-46C2-9A4E-8AFB8432591B}
		{BD6D608D-01DB-42BF-97C5-CA324DBF0C95} = {E862C5BF-1D72-4F1C-94F7-CF37A6C24BE0}
		{3766C79A-32DA-4122-AFDA-C808BB11FB50} = {BD6D608D-01DB-42BF-97C5-CA324DBF0C95}
		{A53F930E-2FA4-4549-98A3-223098FBB0C0} = {79A4F928-CF9E-4ED9-BA62-A03EA144FED1}
		{498E0E55-87ED-42B3-94A0-F3CB8F0B50A2} = {1BADDE84-0CFE-476D-BEBA-8721D0CA575F}
		{716C3CFF-244B-4002-9E21-7495060EF389} = {498E0E55-87ED-42B3-94A0-F3CB8F0B50A2}
		{EEA7F15D-E05C-4AC7-9C8D-518F10328EA8} = {E862C5BF-1D72-4F1C-94F7-CF37A6C24BE0}
		{4BC20606-53AD-4C6F-9475-7A5A270D951B} = {EEA7F15D-E05C-4AC7-9C8D-518F10328EA8}
		{017F5275-1F08-4386-A82B-204877664D38} = {4BC20606-53AD-4C6F-9475-7A5A270D951B}
		{3F3811E5-7ED3-4F36-929B-8D229261F02D} = {6DE894BD-B3DF-44EE-B2EC-3B7E08EC2E54}
		{4AFB2C27-D978-439F-8C56-20A3D1156698} = {3F3811E5-7ED3-4F36-929B-8D229261F02D}
		{4489248F-496D-4396-A740-10BF9D2F4DF6} = {EEA7F15D-E05C-4AC7-9C8D-518F10328EA8}
		{E19DD8C4-160A-49EB-952C-3932DEE3A58A} = {4489248F-496D-4396-A740-10BF9D2F4DF6}
		{D513B389-CB14-4B34-9992-D6D53E1BCBE7} = {79A4F928-CF9E-4ED9-BA62-A03EA144FED1}
		{91E33A5D-33BF-45F7-BEC9-87AAE557068D} = {3F3811E5-7ED3-4F36-929B-8D229261F02D}
		{DD501181-4CDB-46C2-9A4E-8AFB8432591B} = {3F235ADD-9C66-42FB-8AC4-BA1C1D2406AB}
		{6DE894BD-B3DF-44EE-B2EC-3B7E08EC2E54} = {3F235ADD-9C66-42FB-8AC4-BA1C1D2406AB}
		{C4C26B1E-16C0-406D-9677-D7BDB7ED6A74} = {79A4F928-CF9E-4ED9-BA62-A03EA144FED1}
		{81F34442-78BA-4F39-A09E-1D217DE251C5} = {A5DAF558-FD57-4BD7-BF33-F334D8CE7897}
	EndGlobalSection
	GlobalSection(ExtensibilityGlobals) = postSolution
		SolutionGuid = {38C695B6-B09C-45D2-AAF6-65067EE94062}
	EndGlobalSection
EndGlobal
